
Microsoft Visual Studio Solution File, Format Version 12.00
# Visual Studio Version 17
VisualStudioVersion = 17.7.34024.191
MinimumVisualStudioVersion = 10.0.40219.1
Project("{FAE04EC0-301F-11D3-BF4B-00C04F79EFBC}") = "Dziedziczenie_2_maszyny", "Dziedziczenie_2_maszyny.csproj", "{C2D93B30-D02F-45BF-9ABF-ABE61BD90905}"
EndProject
Global
	GlobalSection(SolutionConfigurationPlatforms) = preSolution
		Debug|Any CPU = Debug|Any CPU
		Release|Any CPU = Release|Any CPU
	EndGlobalSection
	GlobalSection(ProjectConfigurationPlatforms) = postSolution
		{C2D93B30-D02F-45BF-9ABF-ABE61BD90905}.Debug|Any CPU.ActiveCfg = Debug|Any CPU
		{C2D93B30-D02F-45BF-9ABF-ABE61BD90905}.Debug|Any CPU.Build.0 = Debug|Any CPU
		{C2D93B30-D02F-45BF-9ABF-ABE61BD90905}.Release|Any CPU.ActiveCfg = Release|Any CPU
		{C2D93B30-D02F-45BF-9ABF-ABE61BD90905}.Release|Any CPU.Build.0 = Release|Any CPU
	EndGlobalSection
	GlobalSection(SolutionProperties) = preSolution
		HideSolutionNode = FALSE
	EndGlobalSection
	GlobalSection(ExtensibilityGlobals) = postSolution
		SolutionGuid = {AFE20CEB-1F6D-4EA5-BC6F-6966F2AAB135}
	EndGlobalSection
EndGlobal
