
Microsoft Visual Studio Solution File, Format Version 12.00
# Visual Studio Version 17
VisualStudioVersion = 17.7.34024.191
MinimumVisualStudioVersion = 10.0.40219.1
Project("{FAE04EC0-301F-11D3-BF4B-00C04F79EFBC}") = "project_2", "project_2.csproj", "{720EFF09-3AD1-4849-B187-0CEE0241BE7B}"
EndProject
Global
	GlobalSection(SolutionConfigurationPlatforms) = preSolution
		Debug|Any CPU = Debug|Any CPU
		Release|Any CPU = Release|Any CPU
	EndGlobalSection
	GlobalSection(ProjectConfigurationPlatforms) = postSolution
		{720EFF09-3AD1-4849-B187-0CEE0241BE7B}.Debug|Any CPU.ActiveCfg = Debug|Any CPU
		{720EFF09-3AD1-4849-B187-0CEE0241BE7B}.Debug|Any CPU.Build.0 = Debug|Any CPU
		{720EFF09-3AD1-4849-B187-0CEE0241BE7B}.Release|Any CPU.ActiveCfg = Release|Any CPU
		{720EFF09-3AD1-4849-B187-0CEE0241BE7B}.Release|Any CPU.Build.0 = Release|Any CPU
	EndGlobalSection
	GlobalSection(SolutionProperties) = preSolution
		HideSolutionNode = FALSE
	EndGlobalSection
	GlobalSection(ExtensibilityGlobals) = postSolution
		SolutionGuid = {BE45435F-1FCD-475C-9715-B3C36964F57B}
	EndGlobalSection
EndGlobal
