
Microsoft Visual Studio Solution File, Format Version 12.00
# Visual Studio Version 17
VisualStudioVersion = 17.7.34024.191
MinimumVisualStudioVersion = 10.0.40219.1
Project("{FAE04EC0-301F-11D3-BF4B-00C04F79EFBC}") = "spr-1_28_11_2023", "spr-1_28_11_2023.csproj", "{DAB5843B-E58B-45EA-A77D-2509BBC46F13}"
EndProject
Global
	GlobalSection(SolutionConfigurationPlatforms) = preSolution
		Debug|Any CPU = Debug|Any CPU
		Release|Any CPU = Release|Any CPU
	EndGlobalSection
	GlobalSection(ProjectConfigurationPlatforms) = postSolution
		{DAB5843B-E58B-45EA-A77D-2509BBC46F13}.Debug|Any CPU.ActiveCfg = Debug|Any CPU
		{DAB5843B-E58B-45EA-A77D-2509BBC46F13}.Debug|Any CPU.Build.0 = Debug|Any CPU
		{DAB5843B-E58B-45EA-A77D-2509BBC46F13}.Release|Any CPU.ActiveCfg = Release|Any CPU
		{DAB5843B-E58B-45EA-A77D-2509BBC46F13}.Release|Any CPU.Build.0 = Release|Any CPU
	EndGlobalSection
	GlobalSection(SolutionProperties) = preSolution
		HideSolutionNode = FALSE
	EndGlobalSection
	GlobalSection(ExtensibilityGlobals) = postSolution
		SolutionGuid = {BB93FA37-A01B-47C7-A359-83E0D1B48BF0}
	EndGlobalSection
EndGlobal
