
Microsoft Visual Studio Solution File, Format Version 12.00
# Visual Studio Version 17
VisualStudioVersion = 17.6.33829.357
MinimumVisualStudioVersion = 10.0.40219.1
Project("{FAE04EC0-301F-11D3-BF4B-00C04F79EFBC}") = "Konstruktory_cwiczenie_samochody", "Konstruktory_cwiczenie_samochody.csproj", "{351ACE89-8646-4F5B-90FA-F2F8D2A225D6}"
EndProject
Global
	GlobalSection(SolutionConfigurationPlatforms) = preSolution
		Debug|Any CPU = Debug|Any CPU
		Release|Any CPU = Release|Any CPU
	EndGlobalSection
	GlobalSection(ProjectConfigurationPlatforms) = postSolution
		{351ACE89-8646-4F5B-90FA-F2F8D2A225D6}.Debug|Any CPU.ActiveCfg = Debug|Any CPU
		{351ACE89-8646-4F5B-90FA-F2F8D2A225D6}.Debug|Any CPU.Build.0 = Debug|Any CPU
		{351ACE89-8646-4F5B-90FA-F2F8D2A225D6}.Release|Any CPU.ActiveCfg = Release|Any CPU
		{351ACE89-8646-4F5B-90FA-F2F8D2A225D6}.Release|Any CPU.Build.0 = Release|Any CPU
	EndGlobalSection
	GlobalSection(SolutionProperties) = preSolution
		HideSolutionNode = FALSE
	EndGlobalSection
	GlobalSection(ExtensibilityGlobals) = postSolution
		SolutionGuid = {0DC9245E-AE9C-4D8E-BF22-1205C7DED577}
	EndGlobalSection
EndGlobal
