
Microsoft Visual Studio Solution File, Format Version 12.00
# Visual Studio Version 17
VisualStudioVersion = 17.7.34024.191
MinimumVisualStudioVersion = 10.0.40219.1
Project("{FAE04EC0-301F-11D3-BF4B-00C04F79EFBC}") = "1_1project", "1_1project.csproj", "{CA18BBB2-27FE-44EA-A582-E3F4F0B3F682}"
EndProject
Global
	GlobalSection(SolutionConfigurationPlatforms) = preSolution
		Debug|Any CPU = Debug|Any CPU
		Release|Any CPU = Release|Any CPU
	EndGlobalSection
	GlobalSection(ProjectConfigurationPlatforms) = postSolution
		{CA18BBB2-27FE-44EA-A582-E3F4F0B3F682}.Debug|Any CPU.ActiveCfg = Debug|Any CPU
		{CA18BBB2-27FE-44EA-A582-E3F4F0B3F682}.Debug|Any CPU.Build.0 = Debug|Any CPU
		{CA18BBB2-27FE-44EA-A582-E3F4F0B3F682}.Release|Any CPU.ActiveCfg = Release|Any CPU
		{CA18BBB2-27FE-44EA-A582-E3F4F0B3F682}.Release|Any CPU.Build.0 = Release|Any CPU
	EndGlobalSection
	GlobalSection(SolutionProperties) = preSolution
		HideSolutionNode = FALSE
	EndGlobalSection
	GlobalSection(ExtensibilityGlobals) = postSolution
		SolutionGuid = {C0C2B462-3BDC-4163-B8A5-C6A1189FD9F0}
	EndGlobalSection
EndGlobal
