
Microsoft Visual Studio Solution File, Format Version 12.00
# Visual Studio Version 17
VisualStudioVersion = 17.6.33829.357
MinimumVisualStudioVersion = 10.0.40219.1
Project("{FAE04EC0-301F-11D3-BF4B-00C04F79EFBC}") = "TryCatch_table_index_task", "TryCatch_table_index_task.csproj", "{9FC752C3-8B99-4F20-9DD0-D1443EE9767E}"
EndProject
Global
	GlobalSection(SolutionConfigurationPlatforms) = preSolution
		Debug|Any CPU = Debug|Any CPU
		Release|Any CPU = Release|Any CPU
	EndGlobalSection
	GlobalSection(ProjectConfigurationPlatforms) = postSolution
		{9FC752C3-8B99-4F20-9DD0-D1443EE9767E}.Debug|Any CPU.ActiveCfg = Debug|Any CPU
		{9FC752C3-8B99-4F20-9DD0-D1443EE9767E}.Debug|Any CPU.Build.0 = Debug|Any CPU
		{9FC752C3-8B99-4F20-9DD0-D1443EE9767E}.Release|Any CPU.ActiveCfg = Release|Any CPU
		{9FC752C3-8B99-4F20-9DD0-D1443EE9767E}.Release|Any CPU.Build.0 = Release|Any CPU
	EndGlobalSection
	GlobalSection(SolutionProperties) = preSolution
		HideSolutionNode = FALSE
	EndGlobalSection
	GlobalSection(ExtensibilityGlobals) = postSolution
		SolutionGuid = {666F59E4-7E9C-4B61-A0C3-356040A99104}
	EndGlobalSection
EndGlobal
